# This file is autogenerated, do not edit; changes may be undone by the next 'dep ensure'.


[[projects]]
  name = "github.com/blang/semver"
  packages = ["."]
  revision = "ba2c2ddd89069b46a7011d4106f6868f17ee1705"
  version = "v3.6.1"

[[projects]]
  name = "github.com/tebeka/selenium"
  packages = [".","chrome","firefox","internal/zip","log"]
  revision = "e24f7b7726ca0d40f51b3ba4c5d5c4ddcb4bae80"
  version = "v0.9.9"

[solve-meta]
  analyzer-name = "dep"
  analyzer-version = 1
  inputs-digest = "2845adb3d57c6f5face890208df6a556d09aca8932e1118d68220b6555f4ec4c"
  solver-name = "gps-cdcl"
  solver-version = 1
